
Microsoft Visual Studio Solution File, Format Version 12.00
# Visual Studio Version 16
VisualStudioVersion = 16.0.30114.105
MinimumVisualStudioVersion = 10.0.40219.1
Project("{FAE04EC0-301F-11D3-BF4B-00C04F79EFBC}") = "WebAppDB", "WebAppDB\WebAppDB.csproj", "{4AE525CD-5103-4F4E-8672-F691A58DC527}"
EndProject
Global
	GlobalSection(SolutionConfigurationPlatforms) = preSolution
		Debug|Any CPU = Debug|Any CPU
		Release|Any CPU = Release|Any CPU
	EndGlobalSection
	GlobalSection(ProjectConfigurationPlatforms) = postSolution
		{4AE525CD-5103-4F4E-8672-F691A58DC527}.Debug|Any CPU.ActiveCfg = Debug|Any CPU
		{4AE525CD-5103-4F4E-8672-F691A58DC527}.Debug|Any CPU.Build.0 = Debug|Any CPU
		{4AE525CD-5103-4F4E-8672-F691A58DC527}.Release|Any CPU.ActiveCfg = Release|Any CPU
		{4AE525CD-5103-4F4E-8672-F691A58DC527}.Release|Any CPU.Build.0 = Release|Any CPU
	EndGlobalSection
	GlobalSection(SolutionProperties) = preSolution
		HideSolutionNode = FALSE
	EndGlobalSection
	GlobalSection(ExtensibilityGlobals) = postSolution
		SolutionGuid = {194E7BCA-CCC6-4589-908C-0F44DFE71365}
	EndGlobalSection
EndGlobal
